{
    "_meta": {
        "hash": {
            "sha256": "9ac4ca66eeb61fa4e8275ec72e8fead85094fe41a6f11c05183da7d62e4a130b"
        },
        "pipfile-spec": 6,
        "requires": {
            "python_version": "3.7"
        },
        "sources": [
            {
                "name": "pypi",
                "url": "https://pypi.org/simple",
                "verify_ssl": true
            }
        ]
    },
    "default": {
        "adafruit-blinka": {
            "hashes": [
                "sha256:224c6137a6cf620ef01c8fc17d64b6d787df6a23d371d732c2e77833e4991053"
            ],
            "index": "pypi",
            "version": "==3.0.5"
        },
        "adafruit-circuitpython-neopixel": {
            "hashes": [
                "sha256:a961eb84041bc21f33750b4eb4604edf5b7d00fbe7687969a1699d5d9e75534b"
            ],
            "index": "pypi",
            "version": "==3.4.0"
        },
        "adafruit-platformdetect": {
            "hashes": [
                "sha256:5c9409209ca4d55082cf356dc9226824a654e0cb63f01ee2dbfa532d9625a6e8"
            ],
            "index": "pypi",
            "version": "==1.3.6"
        },
        "adafruit-pureio": {
            "hashes": [
                "sha256:e65cd929f1d8e109513ed1e457c2742bf4f15349c1a9b7f5b1e04191624d7488"
            ],
            "index": "pypi",
            "version": "==0.2.3"
        },
        "certifi": {
            "hashes": [
                "sha256:1a4995114262bffbc2413b159f2a1a480c969de6e6eb13ee966d470af86af59c",
                "sha256:719a74fb9e33b9bd44cc7f3a8d94bc35e4049deebe19ba7d8e108280cfd59830"
            ],
            "version": "==2020.12.5"
        },
        "chardet": {
            "hashes": [
                "sha256:84ab92ed1c4d4f16916e05906b6b75a6c0fb5db821cc65e70cbd64a3e2a5eaae",
                "sha256:fc323ffcaeaed0e0a02bf4d117757b98aed530d9ed4531e3e15460124c106691"
            ],
            "version": "==3.0.4"
        },
        "click": {
            "hashes": [
                "sha256:06b3a46da3b40f4bbe19b8ea5ba9a34e7925913a9b51608ff0c1d78ef0b814b4",
                "sha256:7340a8666a3e2eff5f2ee778c2d06b606ce9891a61b2ee315e0a3994ffd2226a"
            ],
            "version": "==8.0.0rc1"
        },
        "flask": {
            "hashes": [
                "sha256:13f9f196f330c7c2c5d7a5cf91af894110ca0215ac051b5844701f2bfd934d52",
                "sha256:45eb5a6fd193d6cf7e0cf5d8a5b31f83d5faae0293695626f539a823e93b13f6"
            ],
            "index": "pypi",
            "version": "==1.1.1"
        },
        "idna": {
            "hashes": [
                "sha256:c357b3f628cf53ae2c4c05627ecc484553142ca23264e593d327bcde5e9c3407",
                "sha256:ea8b7f6188e6fa117537c3df7da9fc686d485087abf6ac197f9c46432f7e4a3c"
            ],
            "version": "==2.8"
        },
        "itsdangerous": {
            "hashes": [
                "sha256:aea4b5c1c81179e92d04142ed2dc6a44642da3909fdb5c7b64e7ea946d4b3bd6",
                "sha256:fe99186c3f66ab0a064c51bedb72772c95b7f919e0ac9feed37f7c4be2745b15"
            ],
            "version": "==2.0.0rc2"
        },
        "jinja2": {
            "hashes": [
                "sha256:8e68a2e702a59a57c86305752df25532472a0dad2b4b2756a1d289c618a9e1f5",
                "sha256:fd581ab32650fec6d24e8f035dd9757f3549ea6e559534d5d2385d4ade7e0fe1"
            ],
            "version": "==3.0.0rc2"
        },
        "markupsafe": {
            "hashes": [
                "sha256:023be69df51b68f9f1ed42b5959303dad3c153cd958ebb0e34c18251fb967837",
                "sha256:074bbd79cfeba59d5a426e09a7d7a36247b2ba429aaa762d547b101ff1818b74",
                "sha256:07f31078aaa975a1a962a775059cf0dfe6dd2fcafff4c4b5f9df76268ae566e9",
                "sha256:0e371c83c31cee6a659499172f53fe5722c80316bb198eaa492668460fc22378",
                "sha256:152e680f380562ad34277f5d3f066b62eb25d2dda47afc14f76ee49f3cd467e7",
                "sha256:15992536bd3e91defff17579d388475cc60fc3aeff883ac14edbdd079817e0b7",
                "sha256:167a017abf294fc17b3b5098b77667246030ad68d02a59f1fc9b48f65ff836aa",
                "sha256:24fa977011c8d17dae93641376090fc7434babf95128f862bb61fad545afc580",
                "sha256:27051dce1be59d0d1e09bb58e9bdda10f1e546a97c119cf3b88b82a24b48081c",
                "sha256:36afcf88a772054038be74cbfa872074e9c1ac3481e66b8da4967e81150e139e",
                "sha256:41d3b3776bc820c8fcc585df6b49c2a3e245c64a46ad7aa1b21ce08179d9167b",
                "sha256:4d95e90df3e2bc76fa71d524a861083bbac1f1bcaf429c991292518343232e5b",
                "sha256:50ccc0b107e7b95d5a2c55cd9f34d7b4696d3092d4bd231cef56131059653554",
                "sha256:55eb46368cc8a62ff7a15e84cea243403fc514b3d7d13168d55e99eb8a772129",
                "sha256:5c949af1abb37dc23c1ebcee2783a26f0f91b42a4dd6184291e5502c409ac743",
                "sha256:666f687682398f4c26e6b41be8233d3ea86fa9fbad56d98a4cf32110d7675773",
                "sha256:680c521ee5214bf28aa20f90107d2c5d0849b24042e44c17d94d52727af23dcd",
                "sha256:686f3c2e7b2a8e36b2003c952c498bbf24753a35b72e7eccb2d62897f4f59b8e",
                "sha256:6c3b64b774d8c8705a04e28c1c7e2c60705e2b72bfa388d8c863ad0dfce5cbd6",
                "sha256:70bee0400f78ce7e6aa6d2526be515afe7ac1693d9db1f6782ddc3420a4d961c",
                "sha256:746a22773b02c79ea570cf97f92aad7e58938bcd2670de499e349d8430f989ef",
                "sha256:93019a67f12e4e5cf5d4570465fe6ce9a8951be4173e1287e838dff3332a315e",
                "sha256:a7718a137e319e6a61bb4598ec12f7da18553d5d28ae6e21165dfc0d0d90a1b4",
                "sha256:aba3cf1d4d2e8664bace4e4df478e08d4bc2d36d7b59444e10bb7934e2708d87",
                "sha256:ad9dfe60753afa2932ed5adba73a1ff401e3de4106f88b4c31262ebab62b7708",
                "sha256:b24e488972dfadcb0f845f5536c79addc15eb6576548537a38075018e26477f0",
                "sha256:e1ea9b34bec7dbf653edd3361170108cb717b4f49be729e2367f5151d1e938ee",
                "sha256:e3ff50bf999c0f45552761bf4a9138dc0464d887de8f2afeb9d95f7bb03a1ec0",
                "sha256:e792bf8b47441bcf506a09bbffea178398e3dec6c58865e8dd01cc4dcd07685d",
                "sha256:f24aa8c69bd9d61316de172ad19cc6d069da510821585d777960f90b2ed5501c",
                "sha256:f3a67f5ba9452a3287d35e4f174ddfca72a1bb48da09d2e1d35598922c4c1e41",
                "sha256:f6dee1e460629691452bf37419825bba4002fdb4883701c7cd72e5aa42724aa9",
                "sha256:f99fd93e52de0cbe675eda692c238dfde5d09c73c38e497a5a0f9a706f394264",
                "sha256:fd76ae35e33a1af04a63de5ff5fea872b9b01cff079cf895cec3697ded2c433e"
            ],
            "version": "==2.0.0rc2"
        },
        "requests": {
            "hashes": [
                "sha256:11e007a8a2aa0323f5a921e9e6a2d7e4e67d9877e85773fba9ba6419025cbeb4",
                "sha256:9cf5292fcd0f598c671cfc1e0d7d1a7f13bb8085e9a590f48c010551dc6c4b31"
            ],
            "index": "pypi",
            "version": "==2.22.0"
        },
        "rpi-ws281x": {
            "hashes": [
                "sha256:262ad65562333c20ccb1f10850f2413521dd300a2af16de32cbfa27b5b8353ac",
                "sha256:bad191da9945d7ba9fe0f88ab70d04e6af1b554f520eaa50415f7bff1fa31150",
                "sha256:d06cd31217dec40d715a3a07ccb2b4b0b0719527c5aa020cbdd77d0c0b31d113",
                "sha256:dbbb04947b3166d96ba48a82702be9e9e762eb78922434e491d0de958f8fe8c7",
                "sha256:eb2365f513b333fb1574131a1a719b66ffd252624c192ac0e954a5970cfea84f"
            ],
            "index": "pypi",
            "version": "==4.2.2"
        },
        "rpi.gpio": {
            "hashes": [
                "sha256:21f4378d81525979ad3bbd60e88fc3d9fac1879bcb17151e1c665f32658f9362",
                "sha256:4aa3610414092689e33ee9312a4f496f7b0b38675e225ff4629cb951e117a31f",
                "sha256:78fa12d83010e901b3268adf346fc7db49545113d72d988695bd95775bb55e54",
                "sha256:8edb497b2be1705a693f6947d6ef204cce38c8db2cf1cbd4104fbbc744316edd"
            ],
            "index": "pypi",
            "version": "==0.7.1a4"
        },
        "spidev": {
            "hashes": [
                "sha256:8a7f5c289f161ea2ac4697fa8a10918232c990678dd0053084b3c43b1363910d"
            ],
            "version": "==3.5"
        },
        "sysv-ipc": {
            "hashes": [
                "sha256:0f063cbd36ec232032e425769ebc871f195a7d183b9af32f9901589ea7129ac3",
                "sha256:30611dccecd8fa0dc9f83d4d465e5047692df0ec9a095abef8b90ccc64afbdaf",
                "sha256:4bbbe4e5ad5ab859e6d21fc8ff3e3b01082b959fa5c2cd76289dbcd56350c5f9",
                "sha256:61190b934b0277f7a189092dcabceee8d9736fd73de90fd9b50ea69f0bac4723",
                "sha256:ff6e3c98d8aa3e1ae5378d86869c4699c76f94318705d08085c97fb010770a31"
            ],
            "version": "==1.1.0"
        },
        "urllib3": {
            "hashes": [
                "sha256:2f3db8b19923a873b3e5256dc9c2dedfa883e33d87c690d9c7913e1f40673cdc",
                "sha256:87716c2d2a7121198ebcb7ce7cccf6ce5e9ba539041cfbaeecfb641dc0bf6acc"
            ],
            "index": "pypi",
            "version": "==1.25.8"
        },
        "werkzeug": {
            "hashes": [
                "sha256:4158aad4fdfe14d0ffe9f8ae832323e0ed90615b0354c13875f59e8a08e6a6fa",
                "sha256:7fff67401402b565044b26c09201177e62ea212f9c9b809f7624481dd8421975"
            ],
            "version": "==2.0.0rc4"
        }
    },
    "develop": {}
}
